
Microsoft Visual Studio Solution File, Format Version 12.00
# Visual Studio Version 17
VisualStudioVersion = 17.1.32328.378
MinimumVisualStudioVersion = 10.0.40219.1
Project("{FAE04EC0-301F-11D3-BF4B-00C04F79EFBC}") = "MusicPlayer", "MusicPlayer\MusicPlayer.csproj", "{1C2AFF7F-D352-4513-B4C1-74AE4D9772D6}"
EndProject
Project("{2150E333-8FDC-42A3-9474-1A3956D46DE8}") = "Solution Items", "Solution Items", "{87307A61-BC50-4668-81D7-FA3341AA1427}"
	ProjectSection(SolutionItems) = preProject
		.editorconfig = .editorconfig
	EndProjectSection
EndProject
Global
	GlobalSection(SolutionConfigurationPlatforms) = preSolution
		Debug|Any CPU = Debug|Any CPU
		Release|Any CPU = Release|Any CPU
	EndGlobalSection
	GlobalSection(ProjectConfigurationPlatforms) = postSolution
		{1C2AFF7F-D352-4513-B4C1-74AE4D9772D6}.Debug|Any CPU.ActiveCfg = Debug|Any CPU
		{1C2AFF7F-D352-4513-B4C1-74AE4D9772D6}.Debug|Any CPU.Build.0 = Debug|Any CPU
		{1C2AFF7F-D352-4513-B4C1-74AE4D9772D6}.Release|Any CPU.ActiveCfg = Release|Any CPU
		{1C2AFF7F-D352-4513-B4C1-74AE4D9772D6}.Release|Any CPU.Build.0 = Release|Any CPU
	EndGlobalSection
	GlobalSection(SolutionProperties) = preSolution
		HideSolutionNode = FALSE
	EndGlobalSection
	GlobalSection(ExtensibilityGlobals) = postSolution
		SolutionGuid = {BFC5DBEF-CB1B-4CC4-AE69-2899CB1F8528}
	EndGlobalSection
EndGlobal
